// !$*UTF8*$!
{
	archiveVersion = 1;
	classes = {
	};
	objectVersion = 46;
	objects = {

/* Begin PBXBuildFile section */
		170C3AFE170194DE0030CA0C /* PreferenceWindowController.m in Sources */ = {isa = PBXBuildFile; fileRef = 170C3AFC170194DE0030CA0C /* PreferenceWindowController.m */; };
		170C3AFF170194DE0030CA0C /* PreferenceWindowController.xib in Resources */ = {isa = PBXBuildFile; fileRef = 170C3AFD170194DE0030CA0C /* PreferenceWindowController.xib */; };
		1723966916F5A8200089DF1E /* CanvasObjectRectangle.m in Sources */ = {isa = PBXBuildFile; fileRef = 1723966816F5A8200089DF1E /* CanvasObjectRectangle.m */; };
		1728940F173E41E000071834 /* CanvasWindow.xib in Resources */ = {isa = PBXBuildFile; fileRef = 1728940E173E41E000071834 /* CanvasWindow.xib */; };
		173E70191840DF6E0046C002 /* arrow_up.png in Resources */ = {isa = PBXBuildFile; fileRef = 173E70181840DF6E0046C002 /* arrow_up.png */; };
		173E701B1840DF760046C002 /* arrow_down.png in Resources */ = {isa = PBXBuildFile; fileRef = 173E701A1840DF760046C002 /* arrow_down.png */; };
		173E701D1840F4830046C002 /* magnifying_glass_add.png in Resources */ = {isa = PBXBuildFile; fileRef = 173E701C1840F4830046C002 /* magnifying_glass_add.png */; };
		173E701F1840F4890046C002 /* magnifying_glass_remove.png in Resources */ = {isa = PBXBuildFile; fileRef = 173E701E1840F4890046C002 /* magnifying_glass_remove.png */; };
		173E70221840FCEA0046C002 /* OverlayCanvasView.m in Sources */ = {isa = PBXBuildFile; fileRef = 173E70211840FCEA0046C002 /* OverlayCanvasView.m */; };
		174A840A170433B500A53520 /* CanvasObject.m in Sources */ = {isa = PBXBuildFile; fileRef = 174A8409170433B500A53520 /* CanvasObject.m */; };
		174A840D1704397100A53520 /* CanvasObjectEllipse.m in Sources */ = {isa = PBXBuildFile; fileRef = 174A840C1704397100A53520 /* CanvasObjectEllipse.m */; };
		174A841417050F1500A53520 /* iconCursor.png in Resources */ = {isa = PBXBuildFile; fileRef = 174A841317050F1500A53520 /* iconCursor.png */; };
		17677F4117647BC600F12210 /* CanvasObjectPaintFrame.m in Sources */ = {isa = PBXBuildFile; fileRef = 17677F4017647BC500F12210 /* CanvasObjectPaintFrame.m */; };
		17677F4517648AEA00F12210 /* InspectorWindowController.m in Sources */ = {isa = PBXBuildFile; fileRef = 17677F4317648AE900F12210 /* InspectorWindowController.m */; };
		17677F4617648AEA00F12210 /* InspectorWindowController.xib in Resources */ = {isa = PBXBuildFile; fileRef = 17677F4417648AE900F12210 /* InspectorWindowController.xib */; };
		17677F7417678B1900F12210 /* NSData+HexadecimalConversion.m in Sources */ = {isa = PBXBuildFile; fileRef = 17677F7317678B1900F12210 /* NSData+HexadecimalConversion.m */; };
		176E66A6188AB2D9007216EB /* icon_512x512.png in Resources */ = {isa = PBXBuildFile; fileRef = 176E66A5188AB2D9007216EB /* icon_512x512.png */; };
		176E66A8188AB2ED007216EB /* icon_256x256.png in Resources */ = {isa = PBXBuildFile; fileRef = 176E66A7188AB2ED007216EB /* icon_256x256.png */; };
		176E66AB188AC4C0007216EB /* SubCanvasView.m in Sources */ = {isa = PBXBuildFile; fileRef = 176E66AA188AC4BF007216EB /* SubCanvasView.m */; };
		176E66B6188BA3C0007216EB /* NSString+UUIDGeneration.m in Sources */ = {isa = PBXBuildFile; fileRef = 176E66B5188BA3C0007216EB /* NSString+UUIDGeneration.m */; };
		176E66BA188BB543007216EB /* MainCanvasView+CanvasObjectSelection.m in Sources */ = {isa = PBXBuildFile; fileRef = 176E66B9188BB543007216EB /* MainCanvasView+CanvasObjectSelection.m */; };
		176E66BD188BB6FF007216EB /* MainCanvasView+UndoManaging.m in Sources */ = {isa = PBXBuildFile; fileRef = 176E66BC188BB6FF007216EB /* MainCanvasView+UndoManaging.m */; };
		176E66C0188BB7A9007216EB /* MainCanvasView+Printing.m in Sources */ = {isa = PBXBuildFile; fileRef = 176E66BF188BB7A9007216EB /* MainCanvasView+Printing.m */; };
		176E66C3188BB86A007216EB /* MainCanvasView+Sorting.m in Sources */ = {isa = PBXBuildFile; fileRef = 176E66C2188BB86A007216EB /* MainCanvasView+Sorting.m */; };
		176E66C6188BB9B0007216EB /* MainCanvasView+UserInteraction.m in Sources */ = {isa = PBXBuildFile; fileRef = 176E66C5188BB9AF007216EB /* MainCanvasView+UserInteraction.m */; };
		176EEFE01707C16800F56FF4 /* ToolboxController.m in Sources */ = {isa = PBXBuildFile; fileRef = 176EEFDF1707C16800F56FF4 /* ToolboxController.m */; };
		177F33F8172E63D9004D6778 /* CanvasObjectHandle.m in Sources */ = {isa = PBXBuildFile; fileRef = 177F33F7172E63D9004D6778 /* CanvasObjectHandle.m */; };
		178E9CBD189E91FB0076B671 /* CanvasObjectTextBox.m in Sources */ = {isa = PBXBuildFile; fileRef = 178E9CBC189E91FB0076B671 /* CanvasObjectTextBox.m */; };
		17913DC818E26B60001ECD0A /* NSColor+CGColorConversion.m in Sources */ = {isa = PBXBuildFile; fileRef = 17913DC718E26B60001ECD0A /* NSColor+CGColorConversion.m */; };
		17913DCB18E513FA001ECD0A /* CanvasObjectLine.m in Sources */ = {isa = PBXBuildFile; fileRef = 17913DCA18E513FA001ECD0A /* CanvasObjectLine.m */; };
		17913DCD18E517A4001ECD0A /* iconLine.png in Resources */ = {isa = PBXBuildFile; fileRef = 17913DCC18E517A4001ECD0A /* iconLine.png */; };
		17913DCF18E90B40001ECD0A /* iconPaintPen.png in Resources */ = {isa = PBXBuildFile; fileRef = 17913DCE18E90B40001ECD0A /* iconPaintPen.png */; };
		17913DD118E90EDD001ECD0A /* iconPaintFill.png in Resources */ = {isa = PBXBuildFile; fileRef = 17913DD018E90EDD001ECD0A /* iconPaintFill.png */; };
		17913DD418E92497001ECD0A /* NSColor+HexValueConversion.m in Sources */ = {isa = PBXBuildFile; fileRef = 17913DD318E92497001ECD0A /* NSColor+HexValueConversion.m */; };
		1796862E181BC15E00BA65E4 /* NSString+PixelConversion.m in Sources */ = {isa = PBXBuildFile; fileRef = 1796862D181BC15E00BA65E4 /* NSString+PixelConversion.m */; };
		17968631181C9D3300BA65E4 /* NSColor+StringConversion.m in Sources */ = {isa = PBXBuildFile; fileRef = 17968630181C9D3300BA65E4 /* NSColor+StringConversion.m */; };
		17968635181CEAA600BA65E4 /* iconEllipse.png in Resources */ = {isa = PBXBuildFile; fileRef = 17968632181CEAA600BA65E4 /* iconEllipse.png */; };
		17968636181CEAA600BA65E4 /* iconPaintFrame.png in Resources */ = {isa = PBXBuildFile; fileRef = 17968633181CEAA600BA65E4 /* iconPaintFrame.png */; };
		17968637181CEAA600BA65E4 /* iconRect.png in Resources */ = {isa = PBXBuildFile; fileRef = 17968634181CEAA600BA65E4 /* iconRect.png */; };
		1796863A181D0BED00BA65E4 /* CanvasObjectRectFrameBase.m in Sources */ = {isa = PBXBuildFile; fileRef = 17968639181D0BED00BA65E4 /* CanvasObjectRectFrameBase.m */; };
		17B089BF16F7B1520006FA2C /* FukoWorks.icns in Resources */ = {isa = PBXBuildFile; fileRef = 17B089BE16F7B1520006FA2C /* FukoWorks.icns */; };
		17B089C916FDAEF10006FA2C /* CanvasWindowController.m in Sources */ = {isa = PBXBuildFile; fileRef = 17B089C816FDAEF10006FA2C /* CanvasWindowController.m */; };
		17B41E1E1707A5F400E535FB /* ToolboxController.xib in Resources */ = {isa = PBXBuildFile; fileRef = 17B41E1C1707A5F400E535FB /* ToolboxController.xib */; };
		17BCF7F316F42BDD00E7E472 /* Cocoa.framework in Frameworks */ = {isa = PBXBuildFile; fileRef = 17BCF7F216F42BDD00E7E472 /* Cocoa.framework */; };
		17BCF7FD16F42BDD00E7E472 /* InfoPlist.strings in Resources */ = {isa = PBXBuildFile; fileRef = 17BCF7FB16F42BDD00E7E472 /* InfoPlist.strings */; };
		17BCF7FF16F42BDD00E7E472 /* main.m in Sources */ = {isa = PBXBuildFile; fileRef = 17BCF7FE16F42BDD00E7E472 /* main.m */; };
		17BCF80616F42BDD00E7E472 /* AppDelegate.m in Sources */ = {isa = PBXBuildFile; fileRef = 17BCF80516F42BDD00E7E472 /* AppDelegate.m */; };
		17BCF80916F42BDD00E7E472 /* MainMenu.xib in Resources */ = {isa = PBXBuildFile; fileRef = 17BCF80716F42BDD00E7E472 /* MainMenu.xib */; };
		17BCF81316F43F9100E7E472 /* Credits.rtf in Resources */ = {isa = PBXBuildFile; fileRef = 17BCF81216F43F9100E7E472 /* Credits.rtf */; };
		17BCF81616F4400300E7E472 /* MainCanvasView.m in Sources */ = {isa = PBXBuildFile; fileRef = 17BCF81516F4400300E7E472 /* MainCanvasView.m */; };
		17F662A818A7B0A10097C858 /* MainCanvasView+FWKFile.m in Sources */ = {isa = PBXBuildFile; fileRef = 17F662A718A7B0A10097C858 /* MainCanvasView+FWKFile.m */; };
		17F662AA18AA46D30097C858 /* iconTextBox.png in Resources */ = {isa = PBXBuildFile; fileRef = 17F662A918AA46D30097C858 /* iconTextBox.png */; };
		17FFED70180A66BF0029F6F4 /* CanvasObjectListWindowController.m in Sources */ = {isa = PBXBuildFile; fileRef = 17FFED6E180A66BF0029F6F4 /* CanvasObjectListWindowController.m */; };
		17FFED71180A66BF0029F6F4 /* CanvasObjectListWindowController.xib in Resources */ = {isa = PBXBuildFile; fileRef = 17FFED6F180A66BF0029F6F4 /* CanvasObjectListWindowController.xib */; };
/* End PBXBuildFile section */

/* Begin PBXFileReference section */
		170C3AFB170194DE0030CA0C /* PreferenceWindowController.h */ = {isa = PBXFileReference; fileEncoding = 4; lastKnownFileType = sourcecode.c.h; path = PreferenceWindowController.h; sourceTree = "<group>"; };
		170C3AFC170194DE0030CA0C /* PreferenceWindowController.m */ = {isa = PBXFileReference; fileEncoding = 4; lastKnownFileType = sourcecode.c.objc; path = PreferenceWindowController.m; sourceTree = "<group>"; };
		170C3AFD170194DE0030CA0C /* PreferenceWindowController.xib */ = {isa = PBXFileReference; fileEncoding = 4; lastKnownFileType = file.xib; path = PreferenceWindowController.xib; sourceTree = "<group>"; };
		1723966716F5A8200089DF1E /* CanvasObjectRectangle.h */ = {isa = PBXFileReference; fileEncoding = 4; lastKnownFileType = sourcecode.c.h; path = CanvasObjectRectangle.h; sourceTree = "<group>"; };
		1723966816F5A8200089DF1E /* CanvasObjectRectangle.m */ = {isa = PBXFileReference; fileEncoding = 4; lastKnownFileType = sourcecode.c.objc; path = CanvasObjectRectangle.m; sourceTree = "<group>"; };
		1728940D173E402F00071834 /* FukoWorks.h */ = {isa = PBXFileReference; fileEncoding = 4; lastKnownFileType = sourcecode.c.h; path = FukoWorks.h; sourceTree = "<group>"; };
		1728940E173E41E000071834 /* CanvasWindow.xib */ = {isa = PBXFileReference; fileEncoding = 4; lastKnownFileType = file.xib; path = CanvasWindow.xib; sourceTree = "<group>"; };
		173E70181840DF6E0046C002 /* arrow_up.png */ = {isa = PBXFileReference; lastKnownFileType = image.png; path = arrow_up.png; sourceTree = "<group>"; };
		173E701A1840DF760046C002 /* arrow_down.png */ = {isa = PBXFileReference; lastKnownFileType = image.png; path = arrow_down.png; sourceTree = "<group>"; };
		173E701C1840F4830046C002 /* magnifying_glass_add.png */ = {isa = PBXFileReference; lastKnownFileType = image.png; path = magnifying_glass_add.png; sourceTree = "<group>"; };
		173E701E1840F4890046C002 /* magnifying_glass_remove.png */ = {isa = PBXFileReference; lastKnownFileType = image.png; path = magnifying_glass_remove.png; sourceTree = "<group>"; };
		173E70201840FCEA0046C002 /* OverlayCanvasView.h */ = {isa = PBXFileReference; fileEncoding = 4; lastKnownFileType = sourcecode.c.h; path = OverlayCanvasView.h; sourceTree = "<group>"; };
		173E70211840FCEA0046C002 /* OverlayCanvasView.m */ = {isa = PBXFileReference; fileEncoding = 4; lastKnownFileType = sourcecode.c.objc; path = OverlayCanvasView.m; sourceTree = "<group>"; };
		174A8408170433B500A53520 /* CanvasObject.h */ = {isa = PBXFileReference; fileEncoding = 4; lastKnownFileType = sourcecode.c.h; path = CanvasObject.h; sourceTree = "<group>"; };
		174A8409170433B500A53520 /* CanvasObject.m */ = {isa = PBXFileReference; fileEncoding = 4; lastKnownFileType = sourcecode.c.objc; path = CanvasObject.m; sourceTree = "<group>"; };
		174A840B1704397100A53520 /* CanvasObjectEllipse.h */ = {isa = PBXFileReference; fileEncoding = 4; lastKnownFileType = sourcecode.c.h; path = CanvasObjectEllipse.h; sourceTree = "<group>"; };
		174A840C1704397100A53520 /* CanvasObjectEllipse.m */ = {isa = PBXFileReference; fileEncoding = 4; lastKnownFileType = sourcecode.c.objc; path = CanvasObjectEllipse.m; sourceTree = "<group>"; };
		174A841317050F1500A53520 /* iconCursor.png */ = {isa = PBXFileReference; lastKnownFileType = image.png; path = iconCursor.png; sourceTree = "<group>"; };
		17677F3F17647BC500F12210 /* CanvasObjectPaintFrame.h */ = {isa = PBXFileReference; fileEncoding = 4; lastKnownFileType = sourcecode.c.h; path = CanvasObjectPaintFrame.h; sourceTree = "<group>"; };
		17677F4017647BC500F12210 /* CanvasObjectPaintFrame.m */ = {isa = PBXFileReference; fileEncoding = 4; lastKnownFileType = sourcecode.c.objc; path = CanvasObjectPaintFrame.m; sourceTree = "<group>"; };
		17677F4217648AE900F12210 /* InspectorWindowController.h */ = {isa = PBXFileReference; fileEncoding = 4; lastKnownFileType = sourcecode.c.h; path = InspectorWindowController.h; sourceTree = "<group>"; };
		17677F4317648AE900F12210 /* InspectorWindowController.m */ = {isa = PBXFileReference; fileEncoding = 4; lastKnownFileType = sourcecode.c.objc; path = InspectorWindowController.m; sourceTree = "<group>"; };
		17677F4417648AE900F12210 /* InspectorWindowController.xib */ = {isa = PBXFileReference; fileEncoding = 4; lastKnownFileType = file.xib; path = InspectorWindowController.xib; sourceTree = "<group>"; };
		17677F7217678B1900F12210 /* NSData+HexadecimalConversion.h */ = {isa = PBXFileReference; fileEncoding = 4; lastKnownFileType = sourcecode.c.h; path = "NSData+HexadecimalConversion.h"; sourceTree = "<group>"; };
		17677F7317678B1900F12210 /* NSData+HexadecimalConversion.m */ = {isa = PBXFileReference; fileEncoding = 4; lastKnownFileType = sourcecode.c.objc; path = "NSData+HexadecimalConversion.m"; sourceTree = "<group>"; };
		176E66A5188AB2D9007216EB /* icon_512x512.png */ = {isa = PBXFileReference; lastKnownFileType = image.png; path = icon_512x512.png; sourceTree = "<group>"; };
		176E66A7188AB2ED007216EB /* icon_256x256.png */ = {isa = PBXFileReference; lastKnownFileType = image.png; path = icon_256x256.png; sourceTree = "<group>"; };
		176E66A9188AC4BF007216EB /* SubCanvasView.h */ = {isa = PBXFileReference; fileEncoding = 4; lastKnownFileType = sourcecode.c.h; path = SubCanvasView.h; sourceTree = "<group>"; };
		176E66AA188AC4BF007216EB /* SubCanvasView.m */ = {isa = PBXFileReference; fileEncoding = 4; lastKnownFileType = sourcecode.c.objc; path = SubCanvasView.m; sourceTree = "<group>"; };
		176E66AC188B8E53007216EB /* CanvasObjectHandling.h */ = {isa = PBXFileReference; lastKnownFileType = sourcecode.c.h; path = CanvasObjectHandling.h; sourceTree = "<group>"; };
		176E66B4188BA3C0007216EB /* NSString+UUIDGeneration.h */ = {isa = PBXFileReference; fileEncoding = 4; lastKnownFileType = sourcecode.c.h; path = "NSString+UUIDGeneration.h"; sourceTree = "<group>"; };
		176E66B5188BA3C0007216EB /* NSString+UUIDGeneration.m */ = {isa = PBXFileReference; fileEncoding = 4; lastKnownFileType = sourcecode.c.objc; path = "NSString+UUIDGeneration.m"; sourceTree = "<group>"; };
		176E66B9188BB543007216EB /* MainCanvasView+CanvasObjectSelection.m */ = {isa = PBXFileReference; fileEncoding = 4; lastKnownFileType = sourcecode.c.objc; path = "MainCanvasView+CanvasObjectSelection.m"; sourceTree = "<group>"; };
		176E66BC188BB6FF007216EB /* MainCanvasView+UndoManaging.m */ = {isa = PBXFileReference; fileEncoding = 4; lastKnownFileType = sourcecode.c.objc; path = "MainCanvasView+UndoManaging.m"; sourceTree = "<group>"; };
		176E66BF188BB7A9007216EB /* MainCanvasView+Printing.m */ = {isa = PBXFileReference; fileEncoding = 4; lastKnownFileType = sourcecode.c.objc; path = "MainCanvasView+Printing.m"; sourceTree = "<group>"; };
		176E66C2188BB86A007216EB /* MainCanvasView+Sorting.m */ = {isa = PBXFileReference; fileEncoding = 4; lastKnownFileType = sourcecode.c.objc; path = "MainCanvasView+Sorting.m"; sourceTree = "<group>"; };
		176E66C5188BB9AF007216EB /* MainCanvasView+UserInteraction.m */ = {isa = PBXFileReference; fileEncoding = 4; lastKnownFileType = sourcecode.c.objc; path = "MainCanvasView+UserInteraction.m"; sourceTree = "<group>"; };
		176EEFDE1707C16200F56FF4 /* ToolboxController.h */ = {isa = PBXFileReference; fileEncoding = 4; lastKnownFileType = sourcecode.c.h; path = ToolboxController.h; sourceTree = "<group>"; };
		176EEFDF1707C16800F56FF4 /* ToolboxController.m */ = {isa = PBXFileReference; fileEncoding = 4; lastKnownFileType = sourcecode.c.objc; path = ToolboxController.m; sourceTree = "<group>"; };
		177F33F6172E63D9004D6778 /* CanvasObjectHandle.h */ = {isa = PBXFileReference; fileEncoding = 4; lastKnownFileType = sourcecode.c.h; path = CanvasObjectHandle.h; sourceTree = "<group>"; };
		177F33F7172E63D9004D6778 /* CanvasObjectHandle.m */ = {isa = PBXFileReference; fileEncoding = 4; lastKnownFileType = sourcecode.c.objc; path = CanvasObjectHandle.m; sourceTree = "<group>"; };
		178E9CBB189E91FB0076B671 /* CanvasObjectTextBox.h */ = {isa = PBXFileReference; fileEncoding = 4; lastKnownFileType = sourcecode.c.h; path = CanvasObjectTextBox.h; sourceTree = "<group>"; };
		178E9CBC189E91FB0076B671 /* CanvasObjectTextBox.m */ = {isa = PBXFileReference; fileEncoding = 4; lastKnownFileType = sourcecode.c.objc; path = CanvasObjectTextBox.m; sourceTree = "<group>"; };
		17913DC618E26B60001ECD0A /* NSColor+CGColorConversion.h */ = {isa = PBXFileReference; fileEncoding = 4; lastKnownFileType = sourcecode.c.h; path = "NSColor+CGColorConversion.h"; sourceTree = "<group>"; };
		17913DC718E26B60001ECD0A /* NSColor+CGColorConversion.m */ = {isa = PBXFileReference; fileEncoding = 4; lastKnownFileType = sourcecode.c.objc; path = "NSColor+CGColorConversion.m"; sourceTree = "<group>"; };
		17913DC918E513FA001ECD0A /* CanvasObjectLine.h */ = {isa = PBXFileReference; fileEncoding = 4; lastKnownFileType = sourcecode.c.h; path = CanvasObjectLine.h; sourceTree = "<group>"; };
		17913DCA18E513FA001ECD0A /* CanvasObjectLine.m */ = {isa = PBXFileReference; fileEncoding = 4; lastKnownFileType = sourcecode.c.objc; path = CanvasObjectLine.m; sourceTree = "<group>"; };
		17913DCC18E517A4001ECD0A /* iconLine.png */ = {isa = PBXFileReference; lastKnownFileType = image.png; path = iconLine.png; sourceTree = "<group>"; };
		17913DCE18E90B40001ECD0A /* iconPaintPen.png */ = {isa = PBXFileReference; lastKnownFileType = image.png; path = iconPaintPen.png; sourceTree = "<group>"; };
		17913DD018E90EDD001ECD0A /* iconPaintFill.png */ = {isa = PBXFileReference; lastKnownFileType = image.png; path = iconPaintFill.png; sourceTree = "<group>"; };
		17913DD218E92497001ECD0A /* NSColor+HexValueConversion.h */ = {isa = PBXFileReference; fileEncoding = 4; lastKnownFileType = sourcecode.c.h; path = "NSColor+HexValueConversion.h"; sourceTree = "<group>"; };
		17913DD318E92497001ECD0A /* NSColor+HexValueConversion.m */ = {isa = PBXFileReference; fileEncoding = 4; lastKnownFileType = sourcecode.c.objc; path = "NSColor+HexValueConversion.m"; sourceTree = "<group>"; };
		1796862C181BC15E00BA65E4 /* NSString+PixelConversion.h */ = {isa = PBXFileReference; fileEncoding = 4; lastKnownFileType = sourcecode.c.h; path = "NSString+PixelConversion.h"; sourceTree = "<group>"; };
		1796862D181BC15E00BA65E4 /* NSString+PixelConversion.m */ = {isa = PBXFileReference; fileEncoding = 4; lastKnownFileType = sourcecode.c.objc; path = "NSString+PixelConversion.m"; sourceTree = "<group>"; };
		1796862F181C9D3300BA65E4 /* NSColor+StringConversion.h */ = {isa = PBXFileReference; fileEncoding = 4; lastKnownFileType = sourcecode.c.h; path = "NSColor+StringConversion.h"; sourceTree = "<group>"; };
		17968630181C9D3300BA65E4 /* NSColor+StringConversion.m */ = {isa = PBXFileReference; fileEncoding = 4; lastKnownFileType = sourcecode.c.objc; path = "NSColor+StringConversion.m"; sourceTree = "<group>"; };
		17968632181CEAA600BA65E4 /* iconEllipse.png */ = {isa = PBXFileReference; lastKnownFileType = image.png; path = iconEllipse.png; sourceTree = "<group>"; };
		17968633181CEAA600BA65E4 /* iconPaintFrame.png */ = {isa = PBXFileReference; lastKnownFileType = image.png; path = iconPaintFrame.png; sourceTree = "<group>"; };
		17968634181CEAA600BA65E4 /* iconRect.png */ = {isa = PBXFileReference; lastKnownFileType = image.png; path = iconRect.png; sourceTree = "<group>"; };
		17968638181D0BED00BA65E4 /* CanvasObjectRectFrameBase.h */ = {isa = PBXFileReference; fileEncoding = 4; lastKnownFileType = sourcecode.c.h; path = CanvasObjectRectFrameBase.h; sourceTree = "<group>"; };
		17968639181D0BED00BA65E4 /* CanvasObjectRectFrameBase.m */ = {isa = PBXFileReference; fileEncoding = 4; lastKnownFileType = sourcecode.c.objc; path = CanvasObjectRectFrameBase.m; sourceTree = "<group>"; };
		17B089BE16F7B1520006FA2C /* FukoWorks.icns */ = {isa = PBXFileReference; lastKnownFileType = image.icns; path = FukoWorks.icns; sourceTree = "<group>"; };
		17B089C716FDAEF10006FA2C /* CanvasWindowController.h */ = {isa = PBXFileReference; fileEncoding = 4; lastKnownFileType = sourcecode.c.h; path = CanvasWindowController.h; sourceTree = "<group>"; };
		17B089C816FDAEF10006FA2C /* CanvasWindowController.m */ = {isa = PBXFileReference; fileEncoding = 4; lastKnownFileType = sourcecode.c.objc; path = CanvasWindowController.m; sourceTree = "<group>"; };
		17B41E1C1707A5F400E535FB /* ToolboxController.xib */ = {isa = PBXFileReference; fileEncoding = 4; lastKnownFileType = file.xib; path = ToolboxController.xib; sourceTree = "<group>"; };
		17BCF7EF16F42BDD00E7E472 /* FukoWorks.app */ = {isa = PBXFileReference; explicitFileType = wrapper.application; includeInIndex = 0; path = FukoWorks.app; sourceTree = BUILT_PRODUCTS_DIR; };
		17BCF7F216F42BDD00E7E472 /* Cocoa.framework */ = {isa = PBXFileReference; lastKnownFileType = wrapper.framework; name = Cocoa.framework; path = System/Library/Frameworks/Cocoa.framework; sourceTree = SDKROOT; };
		17BCF7F516F42BDD00E7E472 /* AppKit.framework */ = {isa = PBXFileReference; lastKnownFileType = wrapper.framework; name = AppKit.framework; path = System/Library/Frameworks/AppKit.framework; sourceTree = SDKROOT; };
		17BCF7F616F42BDD00E7E472 /* CoreData.framework */ = {isa = PBXFileReference; lastKnownFileType = wrapper.framework; name = CoreData.framework; path = System/Library/Frameworks/CoreData.framework; sourceTree = SDKROOT; };
		17BCF7F716F42BDD00E7E472 /* Foundation.framework */ = {isa = PBXFileReference; lastKnownFileType = wrapper.framework; name = Foundation.framework; path = System/Library/Frameworks/Foundation.framework; sourceTree = SDKROOT; };
		17BCF7FA16F42BDD00E7E472 /* FukoWorks-Info.plist */ = {isa = PBXFileReference; lastKnownFileType = text.plist.xml; path = "FukoWorks-Info.plist"; sourceTree = "<group>"; };
		17BCF7FE16F42BDD00E7E472 /* main.m */ = {isa = PBXFileReference; lastKnownFileType = sourcecode.c.objc; path = main.m; sourceTree = "<group>"; };
		17BCF80016F42BDD00E7E472 /* FukoWorks-Prefix.pch */ = {isa = PBXFileReference; lastKnownFileType = sourcecode.c.h; path = "FukoWorks-Prefix.pch"; sourceTree = "<group>"; };
		17BCF80416F42BDD00E7E472 /* AppDelegate.h */ = {isa = PBXFileReference; lastKnownFileType = sourcecode.c.h; path = AppDelegate.h; sourceTree = "<group>"; };
		17BCF80516F42BDD00E7E472 /* AppDelegate.m */ = {isa = PBXFileReference; lastKnownFileType = sourcecode.c.objc; path = AppDelegate.m; sourceTree = "<group>"; };
		17BCF80F16F4354D00E7E472 /* ja */ = {isa = PBXFileReference; lastKnownFileType = file.xib; name = ja; path = ja.lproj/MainMenu.xib; sourceTree = "<group>"; };
		17BCF81016F4354D00E7E472 /* ja */ = {isa = PBXFileReference; lastKnownFileType = text.plist.strings; name = ja; path = ja.lproj/InfoPlist.strings; sourceTree = "<group>"; };
		17BCF81216F43F9100E7E472 /* Credits.rtf */ = {isa = PBXFileReference; fileEncoding = 4; lastKnownFileType = text.rtf; path = Credits.rtf; sourceTree = "<group>"; };
		17BCF81416F4400300E7E472 /* MainCanvasView.h */ = {isa = PBXFileReference; fileEncoding = 4; lastKnownFileType = sourcecode.c.h; lineEnding = 0; path = MainCanvasView.h; sourceTree = "<group>"; xcLanguageSpecificationIdentifier = xcode.lang.objcpp; };
		17BCF81516F4400300E7E472 /* MainCanvasView.m */ = {isa = PBXFileReference; fileEncoding = 4; lastKnownFileType = sourcecode.c.objc; lineEnding = 0; path = MainCanvasView.m; sourceTree = "<group>"; xcLanguageSpecificationIdentifier = xcode.lang.objc; };
		17F662A718A7B0A10097C858 /* MainCanvasView+FWKFile.m */ = {isa = PBXFileReference; fileEncoding = 4; lastKnownFileType = sourcecode.c.objc; path = "MainCanvasView+FWKFile.m"; sourceTree = "<group>"; };
		17F662A918AA46D30097C858 /* iconTextBox.png */ = {isa = PBXFileReference; lastKnownFileType = image.png; path = iconTextBox.png; sourceTree = "<group>"; };
		17FFED6D180A66BF0029F6F4 /* CanvasObjectListWindowController.h */ = {isa = PBXFileReference; fileEncoding = 4; lastKnownFileType = sourcecode.c.h; path = CanvasObjectListWindowController.h; sourceTree = "<group>"; };
		17FFED6E180A66BF0029F6F4 /* CanvasObjectListWindowController.m */ = {isa = PBXFileReference; fileEncoding = 4; lastKnownFileType = sourcecode.c.objc; path = CanvasObjectListWindowController.m; sourceTree = "<group>"; };
		17FFED6F180A66BF0029F6F4 /* CanvasObjectListWindowController.xib */ = {isa = PBXFileReference; fileEncoding = 4; lastKnownFileType = file.xib; path = CanvasObjectListWindowController.xib; sourceTree = "<group>"; };
/* End PBXFileReference section */

/* Begin PBXFrameworksBuildPhase section */
		17BCF7EC16F42BDD00E7E472 /* Frameworks */ = {
			isa = PBXFrameworksBuildPhase;
			buildActionMask = 2147483647;
			files = (
				17BCF7F316F42BDD00E7E472 /* Cocoa.framework in Frameworks */,
			);
			runOnlyForDeploymentPostprocessing = 0;
		};
/* End PBXFrameworksBuildPhase section */

/* Begin PBXGroup section */
		170A83241707A302003A6AB9 /* CanvasObject */ = {
			isa = PBXGroup;
			children = (
				174A8408170433B500A53520 /* CanvasObject.h */,
				174A8409170433B500A53520 /* CanvasObject.m */,
				17968638181D0BED00BA65E4 /* CanvasObjectRectFrameBase.h */,
				17968639181D0BED00BA65E4 /* CanvasObjectRectFrameBase.m */,
				174A840B1704397100A53520 /* CanvasObjectEllipse.h */,
				174A840C1704397100A53520 /* CanvasObjectEllipse.m */,
				1723966716F5A8200089DF1E /* CanvasObjectRectangle.h */,
				1723966816F5A8200089DF1E /* CanvasObjectRectangle.m */,
				177F33F6172E63D9004D6778 /* CanvasObjectHandle.h */,
				177F33F7172E63D9004D6778 /* CanvasObjectHandle.m */,
				17677F3F17647BC500F12210 /* CanvasObjectPaintFrame.h */,
				17677F4017647BC500F12210 /* CanvasObjectPaintFrame.m */,
				178E9CBB189E91FB0076B671 /* CanvasObjectTextBox.h */,
				178E9CBC189E91FB0076B671 /* CanvasObjectTextBox.m */,
				17913DC918E513FA001ECD0A /* CanvasObjectLine.h */,
				17913DCA18E513FA001ECD0A /* CanvasObjectLine.m */,
			);
			name = CanvasObject;
			sourceTree = "<group>";
		};
		170A83251707A35F003A6AB9 /* UserInterface */ = {
			isa = PBXGroup;
			children = (
				17BCF80716F42BDD00E7E472 /* MainMenu.xib */,
				176EEFDF1707C16800F56FF4 /* ToolboxController.m */,
				176EEFDE1707C16200F56FF4 /* ToolboxController.h */,
				17B41E1C1707A5F400E535FB /* ToolboxController.xib */,
				17B089C716FDAEF10006FA2C /* CanvasWindowController.h */,
				17B089C816FDAEF10006FA2C /* CanvasWindowController.m */,
				1728940E173E41E000071834 /* CanvasWindow.xib */,
				170C3AFB170194DE0030CA0C /* PreferenceWindowController.h */,
				170C3AFC170194DE0030CA0C /* PreferenceWindowController.m */,
				170C3AFD170194DE0030CA0C /* PreferenceWindowController.xib */,
				17677F4217648AE900F12210 /* InspectorWindowController.h */,
				17677F4317648AE900F12210 /* InspectorWindowController.m */,
				17677F4417648AE900F12210 /* InspectorWindowController.xib */,
				17FFED6D180A66BF0029F6F4 /* CanvasObjectListWindowController.h */,
				17FFED6E180A66BF0029F6F4 /* CanvasObjectListWindowController.m */,
				17FFED6F180A66BF0029F6F4 /* CanvasObjectListWindowController.xib */,
				176E66B7188BB4D3007216EB /* MainCanvasView */,
				176E66A9188AC4BF007216EB /* SubCanvasView.h */,
				176E66AA188AC4BF007216EB /* SubCanvasView.m */,
			);
			name = UserInterface;
			sourceTree = "<group>";
		};
		1715CA8F18D2C689007F0295 /* notused */ = {
			isa = PBXGroup;
			children = (
				173E70201840FCEA0046C002 /* OverlayCanvasView.h */,
				173E70211840FCEA0046C002 /* OverlayCanvasView.m */,
				17913DC618E26B60001ECD0A /* NSColor+CGColorConversion.h */,
				17913DC718E26B60001ECD0A /* NSColor+CGColorConversion.m */,
			);
			name = notused;
			sourceTree = "<group>";
		};
		174A841217043FB200A53520 /* Resources */ = {
			isa = PBXGroup;
			children = (
				17913DCC18E517A4001ECD0A /* iconLine.png */,
				17F662A918AA46D30097C858 /* iconTextBox.png */,
				176E66A5188AB2D9007216EB /* icon_512x512.png */,
				176E66A7188AB2ED007216EB /* icon_256x256.png */,
				173E701E1840F4890046C002 /* magnifying_glass_remove.png */,
				173E701C1840F4830046C002 /* magnifying_glass_add.png */,
				173E701A1840DF760046C002 /* arrow_down.png */,
				173E70181840DF6E0046C002 /* arrow_up.png */,
				17913DCE18E90B40001ECD0A /* iconPaintPen.png */,
				17968632181CEAA600BA65E4 /* iconEllipse.png */,
				17968633181CEAA600BA65E4 /* iconPaintFrame.png */,
				17913DD018E90EDD001ECD0A /* iconPaintFill.png */,
				17968634181CEAA600BA65E4 /* iconRect.png */,
				174A841317050F1500A53520 /* iconCursor.png */,
			);
			name = Resources;
			sourceTree = "<group>";
		};
		176E66A4188AAEE9007216EB /* Categories */ = {
			isa = PBXGroup;
			children = (
				176E66B4188BA3C0007216EB /* NSString+UUIDGeneration.h */,
				176E66B5188BA3C0007216EB /* NSString+UUIDGeneration.m */,
				17677F7217678B1900F12210 /* NSData+HexadecimalConversion.h */,
				17677F7317678B1900F12210 /* NSData+HexadecimalConversion.m */,
				1796862C181BC15E00BA65E4 /* NSString+PixelConversion.h */,
				1796862D181BC15E00BA65E4 /* NSString+PixelConversion.m */,
				1796862F181C9D3300BA65E4 /* NSColor+StringConversion.h */,
				17968630181C9D3300BA65E4 /* NSColor+StringConversion.m */,
				17913DD218E92497001ECD0A /* NSColor+HexValueConversion.h */,
				17913DD318E92497001ECD0A /* NSColor+HexValueConversion.m */,
			);
			name = Categories;
			sourceTree = "<group>";
		};
		176E66AD188B8E69007216EB /* Protocols */ = {
			isa = PBXGroup;
			children = (
				176E66AC188B8E53007216EB /* CanvasObjectHandling.h */,
			);
			name = Protocols;
			sourceTree = "<group>";
		};
		176E66B7188BB4D3007216EB /* MainCanvasView */ = {
			isa = PBXGroup;
			children = (
				17BCF81416F4400300E7E472 /* MainCanvasView.h */,
				17BCF81516F4400300E7E472 /* MainCanvasView.m */,
				176E66B9188BB543007216EB /* MainCanvasView+CanvasObjectSelection.m */,
				176E66BC188BB6FF007216EB /* MainCanvasView+UndoManaging.m */,
				176E66BF188BB7A9007216EB /* MainCanvasView+Printing.m */,
				176E66C2188BB86A007216EB /* MainCanvasView+Sorting.m */,
				176E66C5188BB9AF007216EB /* MainCanvasView+UserInteraction.m */,
				17F662A718A7B0A10097C858 /* MainCanvasView+FWKFile.m */,
			);
			name = MainCanvasView;
			sourceTree = "<group>";
		};
		17BCF7E616F42BDC00E7E472 = {
			isa = PBXGroup;
			children = (
				17BCF7F116F42BDD00E7E472 /* Frameworks */,
				17BCF7F816F42BDD00E7E472 /* FukoWorks */,
				17BCF7F016F42BDD00E7E472 /* Products */,
			);
			sourceTree = "<group>";
		};
		17BCF7F016F42BDD00E7E472 /* Products */ = {
			isa = PBXGroup;
			children = (
				17BCF7EF16F42BDD00E7E472 /* FukoWorks.app */,
			);
			name = Products;
			sourceTree = "<group>";
		};
		17BCF7F116F42BDD00E7E472 /* Frameworks */ = {
			isa = PBXGroup;
			children = (
				17BCF7F216F42BDD00E7E472 /* Cocoa.framework */,
				17BCF7F416F42BDD00E7E472 /* Other Frameworks */,
			);
			name = Frameworks;
			sourceTree = "<group>";
		};
		17BCF7F416F42BDD00E7E472 /* Other Frameworks */ = {
			isa = PBXGroup;
			children = (
				17BCF7F516F42BDD00E7E472 /* AppKit.framework */,
				17BCF7F616F42BDD00E7E472 /* CoreData.framework */,
				17BCF7F716F42BDD00E7E472 /* Foundation.framework */,
			);
			name = "Other Frameworks";
			sourceTree = "<group>";
		};
		17BCF7F816F42BDD00E7E472 /* FukoWorks */ = {
			isa = PBXGroup;
			children = (
				176E66AD188B8E69007216EB /* Protocols */,
				176E66A4188AAEE9007216EB /* Categories */,
				1728940D173E402F00071834 /* FukoWorks.h */,
				17BCF80416F42BDD00E7E472 /* AppDelegate.h */,
				17BCF80516F42BDD00E7E472 /* AppDelegate.m */,
				170A83241707A302003A6AB9 /* CanvasObject */,
				174A841217043FB200A53520 /* Resources */,
				1715CA8F18D2C689007F0295 /* notused */,
				17BCF7F916F42BDD00E7E472 /* Supporting Files */,
				170A83251707A35F003A6AB9 /* UserInterface */,
			);
			path = FukoWorks;
			sourceTree = "<group>";
		};
		17BCF7F916F42BDD00E7E472 /* Supporting Files */ = {
			isa = PBXGroup;
			children = (
				17B089BE16F7B1520006FA2C /* FukoWorks.icns */,
				17BCF7FA16F42BDD00E7E472 /* FukoWorks-Info.plist */,
				17BCF7FB16F42BDD00E7E472 /* InfoPlist.strings */,
				17BCF7FE16F42BDD00E7E472 /* main.m */,
				17BCF80016F42BDD00E7E472 /* FukoWorks-Prefix.pch */,
				17BCF81216F43F9100E7E472 /* Credits.rtf */,
			);
			name = "Supporting Files";
			sourceTree = "<group>";
		};
/* End PBXGroup section */

/* Begin PBXNativeTarget section */
		17BCF7EE16F42BDD00E7E472 /* FukoWorks */ = {
			isa = PBXNativeTarget;
			buildConfigurationList = 17BCF80C16F42BDD00E7E472 /* Build configuration list for PBXNativeTarget "FukoWorks" */;
			buildPhases = (
				17BCF7EB16F42BDD00E7E472 /* Sources */,
				17BCF7EC16F42BDD00E7E472 /* Frameworks */,
				17BCF7ED16F42BDD00E7E472 /* Resources */,
				170A83231707A1CC003A6AB9 /* ShellScript */,
			);
			buildRules = (
			);
			dependencies = (
			);
			name = FukoWorks;
			productName = FukoWorks;
			productReference = 17BCF7EF16F42BDD00E7E472 /* FukoWorks.app */;
			productType = "com.apple.product-type.application";
		};
/* End PBXNativeTarget section */

/* Begin PBXProject section */
		17BCF7E716F42BDD00E7E472 /* Project object */ = {
			isa = PBXProject;
			attributes = {
				LastUpgradeCheck = 0500;
				ORGANIZATIONNAME = TokyoGakugeiUniversitySeniorHighSchool;
			};
			buildConfigurationList = 17BCF7EA16F42BDD00E7E472 /* Build configuration list for PBXProject "FukoWorks" */;
			compatibilityVersion = "Xcode 3.2";
			developmentRegion = English;
			hasScannedForEncodings = 0;
			knownRegions = (
				en,
				ja,
			);
			mainGroup = 17BCF7E616F42BDC00E7E472;
			productRefGroup = 17BCF7F016F42BDD00E7E472 /* Products */;
			projectDirPath = "";
			projectRoot = "";
			targets = (
				17BCF7EE16F42BDD00E7E472 /* FukoWorks */,
			);
		};
/* End PBXProject section */

/* Begin PBXResourcesBuildPhase section */
		17BCF7ED16F42BDD00E7E472 /* Resources */ = {
			isa = PBXResourcesBuildPhase;
			buildActionMask = 2147483647;
			files = (
				173E701F1840F4890046C002 /* magnifying_glass_remove.png in Resources */,
				17BCF7FD16F42BDD00E7E472 /* InfoPlist.strings in Resources */,
				17BCF80916F42BDD00E7E472 /* MainMenu.xib in Resources */,
				17913DCF18E90B40001ECD0A /* iconPaintPen.png in Resources */,
				17BCF81316F43F9100E7E472 /* Credits.rtf in Resources */,
				17F662AA18AA46D30097C858 /* iconTextBox.png in Resources */,
				17968635181CEAA600BA65E4 /* iconEllipse.png in Resources */,
				17913DD118E90EDD001ECD0A /* iconPaintFill.png in Resources */,
				17913DCD18E517A4001ECD0A /* iconLine.png in Resources */,
				17968637181CEAA600BA65E4 /* iconRect.png in Resources */,
				176E66A8188AB2ED007216EB /* icon_256x256.png in Resources */,
				173E701B1840DF760046C002 /* arrow_down.png in Resources */,
				17B089BF16F7B1520006FA2C /* FukoWorks.icns in Resources */,
				170C3AFF170194DE0030CA0C /* PreferenceWindowController.xib in Resources */,
				17968636181CEAA600BA65E4 /* iconPaintFrame.png in Resources */,
				176E66A6188AB2D9007216EB /* icon_512x512.png in Resources */,
				173E701D1840F4830046C002 /* magnifying_glass_add.png in Resources */,
				174A841417050F1500A53520 /* iconCursor.png in Resources */,
				17B41E1E1707A5F400E535FB /* ToolboxController.xib in Resources */,
				1728940F173E41E000071834 /* CanvasWindow.xib in Resources */,
				17677F4617648AEA00F12210 /* InspectorWindowController.xib in Resources */,
				173E70191840DF6E0046C002 /* arrow_up.png in Resources */,
				17FFED71180A66BF0029F6F4 /* CanvasObjectListWindowController.xib in Resources */,
			);
			runOnlyForDeploymentPostprocessing = 0;
		};
/* End PBXResourcesBuildPhase section */

/* Begin PBXShellScriptBuildPhase section */
		170A83231707A1CC003A6AB9 /* ShellScript */ = {
			isa = PBXShellScriptBuildPhase;
			buildActionMask = 2147483647;
			files = (
			);
			inputPaths = (
			);
			outputPaths = (
			);
			runOnlyForDeploymentPostprocessing = 0;
			shellPath = /bin/sh;
			shellScript = "#!/bin/bash\nbuildNumber=$(/usr/libexec/PlistBuddy -c \"Print CFBundleVersion\" \"$INFOPLIST_FILE\")\nbuildNumber=$(($buildNumber + 1))\n/usr/libexec/PlistBuddy -c \"Set :CFBundleVersion $buildNumber\" \"$INFOPLIST_FILE\"";
		};
/* End PBXShellScriptBuildPhase section */

/* Begin PBXSourcesBuildPhase section */
		17BCF7EB16F42BDD00E7E472 /* Sources */ = {
			isa = PBXSourcesBuildPhase;
			buildActionMask = 2147483647;
			files = (
				17BCF7FF16F42BDD00E7E472 /* main.m in Sources */,
				17BCF80616F42BDD00E7E472 /* AppDelegate.m in Sources */,
				17BCF81616F4400300E7E472 /* MainCanvasView.m in Sources */,
				17F662A818A7B0A10097C858 /* MainCanvasView+FWKFile.m in Sources */,
				1723966916F5A8200089DF1E /* CanvasObjectRectangle.m in Sources */,
				17B089C916FDAEF10006FA2C /* CanvasWindowController.m in Sources */,
				176E66C6188BB9B0007216EB /* MainCanvasView+UserInteraction.m in Sources */,
				1796863A181D0BED00BA65E4 /* CanvasObjectRectFrameBase.m in Sources */,
				170C3AFE170194DE0030CA0C /* PreferenceWindowController.m in Sources */,
				176E66AB188AC4C0007216EB /* SubCanvasView.m in Sources */,
				176E66C3188BB86A007216EB /* MainCanvasView+Sorting.m in Sources */,
				174A840A170433B500A53520 /* CanvasObject.m in Sources */,
				174A840D1704397100A53520 /* CanvasObjectEllipse.m in Sources */,
				17913DCB18E513FA001ECD0A /* CanvasObjectLine.m in Sources */,
				17913DD418E92497001ECD0A /* NSColor+HexValueConversion.m in Sources */,
				176EEFE01707C16800F56FF4 /* ToolboxController.m in Sources */,
				177F33F8172E63D9004D6778 /* CanvasObjectHandle.m in Sources */,
				176E66BA188BB543007216EB /* MainCanvasView+CanvasObjectSelection.m in Sources */,
				178E9CBD189E91FB0076B671 /* CanvasObjectTextBox.m in Sources */,
				17677F4117647BC600F12210 /* CanvasObjectPaintFrame.m in Sources */,
				17677F4517648AEA00F12210 /* InspectorWindowController.m in Sources */,
				176E66B6188BA3C0007216EB /* NSString+UUIDGeneration.m in Sources */,
				17677F7417678B1900F12210 /* NSData+HexadecimalConversion.m in Sources */,
				17968631181C9D3300BA65E4 /* NSColor+StringConversion.m in Sources */,
				173E70221840FCEA0046C002 /* OverlayCanvasView.m in Sources */,
				176E66BD188BB6FF007216EB /* MainCanvasView+UndoManaging.m in Sources */,
				17913DC818E26B60001ECD0A /* NSColor+CGColorConversion.m in Sources */,
				1796862E181BC15E00BA65E4 /* NSString+PixelConversion.m in Sources */,
				17FFED70180A66BF0029F6F4 /* CanvasObjectListWindowController.m in Sources */,
				176E66C0188BB7A9007216EB /* MainCanvasView+Printing.m in Sources */,
			);
			runOnlyForDeploymentPostprocessing = 0;
		};
/* End PBXSourcesBuildPhase section */

/* Begin PBXVariantGroup section */
		17BCF7FB16F42BDD00E7E472 /* InfoPlist.strings */ = {
			isa = PBXVariantGroup;
			children = (
				17BCF81016F4354D00E7E472 /* ja */,
			);
			name = InfoPlist.strings;
			sourceTree = "<group>";
		};
		17BCF80716F42BDD00E7E472 /* MainMenu.xib */ = {
			isa = PBXVariantGroup;
			children = (
				17BCF80F16F4354D00E7E472 /* ja */,
			);
			name = MainMenu.xib;
			sourceTree = "<group>";
		};
/* End PBXVariantGroup section */

/* Begin XCBuildConfiguration section */
		17BCF80A16F42BDD00E7E472 /* Debug */ = {
			isa = XCBuildConfiguration;
			buildSettings = {
				ALWAYS_SEARCH_USER_PATHS = NO;
				CLANG_CXX_LANGUAGE_STANDARD = "gnu++0x";
				CLANG_CXX_LIBRARY = "libc++";
				CLANG_ENABLE_OBJC_ARC = YES;
				CLANG_WARN_CONSTANT_CONVERSION = YES;
				CLANG_WARN_EMPTY_BODY = YES;
				CLANG_WARN_ENUM_CONVERSION = YES;
				CLANG_WARN_INT_CONVERSION = YES;
				CLANG_WARN__DUPLICATE_METHOD_MATCH = YES;
				COPY_PHASE_STRIP = NO;
				GCC_C_LANGUAGE_STANDARD = gnu99;
				GCC_DYNAMIC_NO_PIC = NO;
				GCC_ENABLE_OBJC_EXCEPTIONS = YES;
				GCC_OPTIMIZATION_LEVEL = 0;
				GCC_PREPROCESSOR_DEFINITIONS = (
					"DEBUG=1",
					"$(inherited)",
				);
				GCC_SYMBOLS_PRIVATE_EXTERN = NO;
				GCC_WARN_64_TO_32_BIT_CONVERSION = YES;
				GCC_WARN_ABOUT_RETURN_TYPE = YES;
				GCC_WARN_UNINITIALIZED_AUTOS = YES;
				GCC_WARN_UNUSED_VARIABLE = YES;
				MACOSX_DEPLOYMENT_TARGET = 10.6;
				ONLY_ACTIVE_ARCH = YES;
				SDKROOT = macosx;
			};
			name = Debug;
		};
		17BCF80B16F42BDD00E7E472 /* Release */ = {
			isa = XCBuildConfiguration;
			buildSettings = {
				ALWAYS_SEARCH_USER_PATHS = NO;
				CLANG_CXX_LANGUAGE_STANDARD = "gnu++0x";
				CLANG_CXX_LIBRARY = "libc++";
				CLANG_ENABLE_OBJC_ARC = YES;
				CLANG_WARN_CONSTANT_CONVERSION = YES;
				CLANG_WARN_EMPTY_BODY = YES;
				CLANG_WARN_ENUM_CONVERSION = YES;
				CLANG_WARN_INT_CONVERSION = YES;
				CLANG_WARN__DUPLICATE_METHOD_MATCH = YES;
				COPY_PHASE_STRIP = YES;
				DEBUG_INFORMATION_FORMAT = "dwarf-with-dsym";
				GCC_C_LANGUAGE_STANDARD = gnu99;
				GCC_ENABLE_OBJC_EXCEPTIONS = YES;
				GCC_WARN_64_TO_32_BIT_CONVERSION = YES;
				GCC_WARN_ABOUT_RETURN_TYPE = YES;
				GCC_WARN_UNINITIALIZED_AUTOS = YES;
				GCC_WARN_UNUSED_VARIABLE = YES;
				MACOSX_DEPLOYMENT_TARGET = 10.6;
				SDKROOT = macosx;
			};
			name = Release;
		};
		17BCF80D16F42BDD00E7E472 /* Debug */ = {
			isa = XCBuildConfiguration;
			buildSettings = {
				COMBINE_HIDPI_IMAGES = YES;
				GCC_PRECOMPILE_PREFIX_HEADER = YES;
				GCC_PREFIX_HEADER = "FukoWorks/FukoWorks-Prefix.pch";
				GCC_WARN_UNUSED_FUNCTION = NO;
				GCC_WARN_UNUSED_LABEL = YES;
				GCC_WARN_UNUSED_PARAMETER = NO;
				INFOPLIST_FILE = "FukoWorks/FukoWorks-Info.plist";
				MACOSX_DEPLOYMENT_TARGET = 10.6;
				PRODUCT_NAME = "$(TARGET_NAME)";
				SDKROOT = macosx;
				WRAPPER_EXTENSION = app;
			};
			name = Debug;
		};
		17BCF80E16F42BDD00E7E472 /* Release */ = {
			isa = XCBuildConfiguration;
			buildSettings = {
				COMBINE_HIDPI_IMAGES = YES;
				GCC_PRECOMPILE_PREFIX_HEADER = YES;
				GCC_PREFIX_HEADER = "FukoWorks/FukoWorks-Prefix.pch";
				GCC_WARN_UNUSED_FUNCTION = NO;
				GCC_WARN_UNUSED_LABEL = YES;
				GCC_WARN_UNUSED_PARAMETER = NO;
				INFOPLIST_FILE = "FukoWorks/FukoWorks-Info.plist";
				MACOSX_DEPLOYMENT_TARGET = 10.6;
				PRODUCT_NAME = "$(TARGET_NAME)";
				SDKROOT = macosx;
				WRAPPER_EXTENSION = app;
			};
			name = Release;
		};
/* End XCBuildConfiguration section */

/* Begin XCConfigurationList section */
		17BCF7EA16F42BDD00E7E472 /* Build configuration list for PBXProject "FukoWorks" */ = {
			isa = XCConfigurationList;
			buildConfigurations = (
				17BCF80A16F42BDD00E7E472 /* Debug */,
				17BCF80B16F42BDD00E7E472 /* Release */,
			);
			defaultConfigurationIsVisible = 0;
			defaultConfigurationName = Release;
		};
		17BCF80C16F42BDD00E7E472 /* Build configuration list for PBXNativeTarget "FukoWorks" */ = {
			isa = XCConfigurationList;
			buildConfigurations = (
				17BCF80D16F42BDD00E7E472 /* Debug */,
				17BCF80E16F42BDD00E7E472 /* Release */,
			);
			defaultConfigurationIsVisible = 0;
			defaultConfigurationName = Release;
		};
/* End XCConfigurationList section */
	};
	rootObject = 17BCF7E716F42BDD00E7E472 /* Project object */;
}
